
Microsoft Visual Studio Solution File, Format Version 12.00
# Visual Studio Version 17
VisualStudioVersion = 17.7.34031.279
MinimumVisualStudioVersion = 10.0.40219.1
Project("{FAE04EC0-301F-11D3-BF4B-00C04F79EFBC}") = "GestionNominasGit", "GestionNominasGit\GestionNominasGit.csproj", "{8EB2E1D8-B71B-452C-9921-49A9CFFDF6DB}"
EndProject
Global
	GlobalSection(SolutionConfigurationPlatforms) = preSolution
		Debug|Any CPU = Debug|Any CPU
		Release|Any CPU = Release|Any CPU
	EndGlobalSection
	GlobalSection(ProjectConfigurationPlatforms) = postSolution
		{8EB2E1D8-B71B-452C-9921-49A9CFFDF6DB}.Debug|Any CPU.ActiveCfg = Debug|Any CPU
		{8EB2E1D8-B71B-452C-9921-49A9CFFDF6DB}.Debug|Any CPU.Build.0 = Debug|Any CPU
		{8EB2E1D8-B71B-452C-9921-49A9CFFDF6DB}.Release|Any CPU.ActiveCfg = Release|Any CPU
		{8EB2E1D8-B71B-452C-9921-49A9CFFDF6DB}.Release|Any CPU.Build.0 = Release|Any CPU
	EndGlobalSection
	GlobalSection(SolutionProperties) = preSolution
		HideSolutionNode = FALSE
	EndGlobalSection
	GlobalSection(ExtensibilityGlobals) = postSolution
		SolutionGuid = {4CB562A7-A191-4C56-BCCE-8234A632D744}
	EndGlobalSection
EndGlobal
